
Microsoft Visual Studio Solution File, Format Version 12.00
# Visual Studio Version 16
VisualStudioVersion = 16.0.30717.126
MinimumVisualStudioVersion = 10.0.40219.1
Project("{FAE04EC0-301F-11D3-BF4B-00C04F79EFBC}") = "GrandHotel 31-08-21", "GrandHotel 31-08-21\GrandHotel 31-08-21.csproj", "{69BC4D09-4D93-4A02-9C87-76CE6D26196C}"
EndProject
Global
	GlobalSection(SolutionConfigurationPlatforms) = preSolution
		Debug|Any CPU = Debug|Any CPU
		Release|Any CPU = Release|Any CPU
	EndGlobalSection
	GlobalSection(ProjectConfigurationPlatforms) = postSolution
		{69BC4D09-4D93-4A02-9C87-76CE6D26196C}.Debug|Any CPU.ActiveCfg = Debug|Any CPU
		{69BC4D09-4D93-4A02-9C87-76CE6D26196C}.Debug|Any CPU.Build.0 = Debug|Any CPU
		{69BC4D09-4D93-4A02-9C87-76CE6D26196C}.Release|Any CPU.ActiveCfg = Release|Any CPU
		{69BC4D09-4D93-4A02-9C87-76CE6D26196C}.Release|Any CPU.Build.0 = Release|Any CPU
	EndGlobalSection
	GlobalSection(SolutionProperties) = preSolution
		HideSolutionNode = FALSE
	EndGlobalSection
	GlobalSection(ExtensibilityGlobals) = postSolution
		SolutionGuid = {1EA02905-C191-4F36-840E-351342A85958}
	EndGlobalSection
EndGlobal
